// !$*UTF8*$!
{
	archiveVersion = 1;
	classes = {
	};
	objectVersion = 46;
	objects = {

/* Begin PBXBuildFile section */
		6586534B1C7439EB009B353D /* WeatherService.swift in Sources */ = {isa = PBXBuildFile; fileRef = 6586534A1C7439EB009B353D /* WeatherService.swift */; settings = {ASSET_TAGS = (); }; };
		6586534D1C743E2E009B353D /* Weather.swift in Sources */ = {isa = PBXBuildFile; fileRef = 6586534C1C743E2E009B353D /* Weather.swift */; settings = {ASSET_TAGS = (); }; };
		659551F81C7599350032D4B6 /* launchScreen-Weather.png in Resources */ = {isa = PBXBuildFile; fileRef = 659551F71C7599350032D4B6 /* launchScreen-Weather.png */; settings = {ASSET_TAGS = (); }; };
		65CD43181C740D4700AD8E79 /* AppDelegate.swift in Sources */ = {isa = PBXBuildFile; fileRef = 65CD43171C740D4700AD8E79 /* AppDelegate.swift */; };
		65CD431A1C740D4700AD8E79 /* ViewController.swift in Sources */ = {isa = PBXBuildFile; fileRef = 65CD43191C740D4700AD8E79 /* ViewController.swift */; };
		65CD431D1C740D4700AD8E79 /* Main.storyboard in Resources */ = {isa = PBXBuildFile; fileRef = 65CD431B1C740D4700AD8E79 /* Main.storyboard */; };
		65CD43201C740D4700AD8E79 /* Weather_App_Example.xcdatamodeld in Sources */ = {isa = PBXBuildFile; fileRef = 65CD431E1C740D4700AD8E79 /* Weather_App_Example.xcdatamodeld */; };
		65CD43221C740D4700AD8E79 /* Assets.xcassets in Resources */ = {isa = PBXBuildFile; fileRef = 65CD43211C740D4700AD8E79 /* Assets.xcassets */; };
		65CD43251C740D4700AD8E79 /* LaunchScreen.storyboard in Resources */ = {isa = PBXBuildFile; fileRef = 65CD43231C740D4700AD8E79 /* LaunchScreen.storyboard */; };
		65CD43301C740D4700AD8E79 /* Weather_App_ExampleTests.swift in Sources */ = {isa = PBXBuildFile; fileRef = 65CD432F1C740D4700AD8E79 /* Weather_App_ExampleTests.swift */; };
		65CD433B1C740D4700AD8E79 /* Weather_App_ExampleUITests.swift in Sources */ = {isa = PBXBuildFile; fileRef = 65CD433A1C740D4700AD8E79 /* Weather_App_ExampleUITests.swift */; };
		65F9C3E11C75604100893F28 /* SwiftyJSON.swift in Sources */ = {isa = PBXBuildFile; fileRef = 65F9C3E01C75604100893F28 /* SwiftyJSON.swift */; settings = {ASSET_TAGS = (); }; };
/* End PBXBuildFile section */

/* Begin PBXContainerItemProxy section */
		65CD432C1C740D4700AD8E79 /* PBXContainerItemProxy */ = {
			isa = PBXContainerItemProxy;
			containerPortal = 65CD430C1C740D4700AD8E79 /* Project object */;
			proxyType = 1;
			remoteGlobalIDString = 65CD43131C740D4700AD8E79;
			remoteInfo = "Weather-App-Example";
		};
		65CD43371C740D4700AD8E79 /* PBXContainerItemProxy */ = {
			isa = PBXContainerItemProxy;
			containerPortal = 65CD430C1C740D4700AD8E79 /* Project object */;
			proxyType = 1;
			remoteGlobalIDString = 65CD43131C740D4700AD8E79;
			remoteInfo = "Weather-App-Example";
		};
/* End PBXContainerItemProxy section */

/* Begin PBXFileReference section */
		6586534A1C7439EB009B353D /* WeatherService.swift */ = {isa = PBXFileReference; fileEncoding = 4; lastKnownFileType = sourcecode.swift; name = WeatherService.swift; path = ../WeatherService.swift; sourceTree = "<group>"; };
		6586534C1C743E2E009B353D /* Weather.swift */ = {isa = PBXFileReference; fileEncoding = 4; lastKnownFileType = sourcecode.swift; path = Weather.swift; sourceTree = "<group>"; };
		659551F71C7599350032D4B6 /* launchScreen-Weather.png */ = {isa = PBXFileReference; lastKnownFileType = image.png; path = "launchScreen-Weather.png"; sourceTree = "<group>"; };
		65CD43141C740D4700AD8E79 /* Weather-App.app */ = {isa = PBXFileReference; explicitFileType = wrapper.application; includeInIndex = 0; path = "Weather-App.app"; sourceTree = BUILT_PRODUCTS_DIR; };
		65CD43171C740D4700AD8E79 /* AppDelegate.swift */ = {isa = PBXFileReference; lastKnownFileType = sourcecode.swift; path = AppDelegate.swift; sourceTree = "<group>"; };
		65CD43191C740D4700AD8E79 /* ViewController.swift */ = {isa = PBXFileReference; lastKnownFileType = sourcecode.swift; path = ViewController.swift; sourceTree = "<group>"; };
		65CD431C1C740D4700AD8E79 /* Base */ = {isa = PBXFileReference; lastKnownFileType = file.storyboard; name = Base; path = Base.lproj/Main.storyboard; sourceTree = "<group>"; };
		65CD431F1C740D4700AD8E79 /* Weather_App_Example.xcdatamodel */ = {isa = PBXFileReference; lastKnownFileType = wrapper.xcdatamodel; path = Weather_App_Example.xcdatamodel; sourceTree = "<group>"; };
		65CD43211C740D4700AD8E79 /* Assets.xcassets */ = {isa = PBXFileReference; lastKnownFileType = folder.assetcatalog; path = Assets.xcassets; sourceTree = "<group>"; };
		65CD43241C740D4700AD8E79 /* Base */ = {isa = PBXFileReference; lastKnownFileType = file.storyboard; name = Base; path = Base.lproj/LaunchScreen.storyboard; sourceTree = "<group>"; };
		65CD43261C740D4700AD8E79 /* Info.plist */ = {isa = PBXFileReference; lastKnownFileType = text.plist.xml; path = Info.plist; sourceTree = "<group>"; };
		65CD432B1C740D4700AD8E79 /* Weather-App.xctest */ = {isa = PBXFileReference; explicitFileType = wrapper.cfbundle; includeInIndex = 0; path = "Weather-App.xctest"; sourceTree = BUILT_PRODUCTS_DIR; };
		65CD432F1C740D4700AD8E79 /* Weather_App_ExampleTests.swift */ = {isa = PBXFileReference; lastKnownFileType = sourcecode.swift; path = Weather_App_ExampleTests.swift; sourceTree = "<group>"; };
		65CD43311C740D4700AD8E79 /* Info.plist */ = {isa = PBXFileReference; lastKnownFileType = text.plist.xml; path = Info.plist; sourceTree = "<group>"; };
		65CD43361C740D4700AD8E79 /* Weather-App.xctest */ = {isa = PBXFileReference; explicitFileType = wrapper.cfbundle; includeInIndex = 0; path = "Weather-App.xctest"; sourceTree = BUILT_PRODUCTS_DIR; };
		65CD433A1C740D4700AD8E79 /* Weather_App_ExampleUITests.swift */ = {isa = PBXFileReference; lastKnownFileType = sourcecode.swift; path = Weather_App_ExampleUITests.swift; sourceTree = "<group>"; };
		65CD433C1C740D4700AD8E79 /* Info.plist */ = {isa = PBXFileReference; lastKnownFileType = text.plist.xml; path = Info.plist; sourceTree = "<group>"; };
		65F9C3E01C75604100893F28 /* SwiftyJSON.swift */ = {isa = PBXFileReference; fileEncoding = 4; lastKnownFileType = sourcecode.swift; path = SwiftyJSON.swift; sourceTree = "<group>"; };
/* End PBXFileReference section */

/* Begin PBXFrameworksBuildPhase section */
		65CD43111C740D4700AD8E79 /* Frameworks */ = {
			isa = PBXFrameworksBuildPhase;
			buildActionMask = 2147483647;
			files = (
			);
			runOnlyForDeploymentPostprocessing = 0;
		};
		65CD43281C740D4700AD8E79 /* Frameworks */ = {
			isa = PBXFrameworksBuildPhase;
			buildActionMask = 2147483647;
			files = (
			);
			runOnlyForDeploymentPostprocessing = 0;
		};
		65CD43331C740D4700AD8E79 /* Frameworks */ = {
			isa = PBXFrameworksBuildPhase;
			buildActionMask = 2147483647;
			files = (
			);
			runOnlyForDeploymentPostprocessing = 0;
		};
/* End PBXFrameworksBuildPhase section */

/* Begin PBXGroup section */
		65CD430B1C740D4700AD8E79 = {
			isa = PBXGroup;
			children = (
				65CD43161C740D4700AD8E79 /* Weather-App */,
				65CD432E1C740D4700AD8E79 /* Weather-App-ExampleTests */,
				65CD43391C740D4700AD8E79 /* Weather-App-ExampleUITests */,
				65CD43151C740D4700AD8E79 /* Products */,
			);
			sourceTree = "<group>";
		};
		65CD43151C740D4700AD8E79 /* Products */ = {
			isa = PBXGroup;
			children = (
				65CD43141C740D4700AD8E79 /* Weather-App.app */,
				65CD432B1C740D4700AD8E79 /* Weather-App.xctest */,
				65CD43361C740D4700AD8E79 /* Weather-App.xctest */,
			);
			name = Products;
			sourceTree = "<group>";
		};
		65CD43161C740D4700AD8E79 /* Weather-App */ = {
			isa = PBXGroup;
			children = (
				65CD43171C740D4700AD8E79 /* AppDelegate.swift */,
				659551F71C7599350032D4B6 /* launchScreen-Weather.png */,
				65CD43191C740D4700AD8E79 /* ViewController.swift */,
				6586534A1C7439EB009B353D /* WeatherService.swift */,
				6586534C1C743E2E009B353D /* Weather.swift */,
				65F9C3E01C75604100893F28 /* SwiftyJSON.swift */,
				65CD431B1C740D4700AD8E79 /* Main.storyboard */,
				65CD43211C740D4700AD8E79 /* Assets.xcassets */,
				65CD43231C740D4700AD8E79 /* LaunchScreen.storyboard */,
				65CD43261C740D4700AD8E79 /* Info.plist */,
				65CD431E1C740D4700AD8E79 /* Weather_App_Example.xcdatamodeld */,
			);
			name = "Weather-App";
			path = "Weather-App-Example";
			sourceTree = "<group>";
		};
		65CD432E1C740D4700AD8E79 /* Weather-App-ExampleTests */ = {
			isa = PBXGroup;
			children = (
				65CD432F1C740D4700AD8E79 /* Weather_App_ExampleTests.swift */,
				65CD43311C740D4700AD8E79 /* Info.plist */,
			);
			path = "Weather-App-ExampleTests";
			sourceTree = "<group>";
		};
		65CD43391C740D4700AD8E79 /* Weather-App-ExampleUITests */ = {
			isa = PBXGroup;
			children = (
				65CD433A1C740D4700AD8E79 /* Weather_App_ExampleUITests.swift */,
				65CD433C1C740D4700AD8E79 /* Info.plist */,
			);
			path = "Weather-App-ExampleUITests";
			sourceTree = "<group>";
		};
/* End PBXGroup section */

/* Begin PBXNativeTarget section */
		65CD43131C740D4700AD8E79 /* Weather-App */ = {
			isa = PBXNativeTarget;
			buildConfigurationList = 65CD433F1C740D4700AD8E79 /* Build configuration list for PBXNativeTarget "Weather-App" */;
			buildPhases = (
				65CD43101C740D4700AD8E79 /* Sources */,
				65CD43111C740D4700AD8E79 /* Frameworks */,
				65CD43121C740D4700AD8E79 /* Resources */,
			);
			buildRules = (
			);
			dependencies = (
			);
			name = "Weather-App";
			productName = "Weather-App-Example";
			productReference = 65CD43141C740D4700AD8E79 /* Weather-App.app */;
			productType = "com.apple.product-type.application";
		};
		65CD432A1C740D4700AD8E79 /* Weather-AppTests */ = {
			isa = PBXNativeTarget;
			buildConfigurationList = 65CD43421C740D4700AD8E79 /* Build configuration list for PBXNativeTarget "Weather-AppTests" */;
			buildPhases = (
				65CD43271C740D4700AD8E79 /* Sources */,
				65CD43281C740D4700AD8E79 /* Frameworks */,
				65CD43291C740D4700AD8E79 /* Resources */,
			);
			buildRules = (
			);
			dependencies = (
				65CD432D1C740D4700AD8E79 /* PBXTargetDependency */,
			);
			name = "Weather-AppTests";
			productName = "Weather-App-ExampleTests";
			productReference = 65CD432B1C740D4700AD8E79 /* Weather-App.xctest */;
			productType = "com.apple.product-type.bundle.unit-test";
		};
		65CD43351C740D4700AD8E79 /* Weather-AppUITests */ = {
			isa = PBXNativeTarget;
			buildConfigurationList = 65CD43451C740D4700AD8E79 /* Build configuration list for PBXNativeTarget "Weather-AppUITests" */;
			buildPhases = (
				65CD43321C740D4700AD8E79 /* Sources */,
				65CD43331C740D4700AD8E79 /* Frameworks */,
				65CD43341C740D4700AD8E79 /* Resources */,
			);
			buildRules = (
			);
			dependencies = (
				65CD43381C740D4700AD8E79 /* PBXTargetDependency */,
			);
			name = "Weather-AppUITests";
			productName = "Weather-App-ExampleUITests";
			productReference = 65CD43361C740D4700AD8E79 /* Weather-App.xctest */;
			productType = "com.apple.product-type.bundle.ui-testing";
		};
/* End PBXNativeTarget section */

/* Begin PBXProject section */
		65CD430C1C740D4700AD8E79 /* Project object */ = {
			isa = PBXProject;
			attributes = {
				LastUpgradeCheck = 0700;
				ORGANIZATIONNAME = Toome;
				TargetAttributes = {
					65CD43131C740D4700AD8E79 = {
						CreatedOnToolsVersion = 7.0.1;
						DevelopmentTeam = 6D947UQP79;
					};
					65CD432A1C740D4700AD8E79 = {
						CreatedOnToolsVersion = 7.0.1;
						DevelopmentTeam = 6D947UQP79;
						TestTargetID = 65CD43131C740D4700AD8E79;
					};
					65CD43351C740D4700AD8E79 = {
						CreatedOnToolsVersion = 7.0.1;
						DevelopmentTeam = 6D947UQP79;
						TestTargetID = 65CD43131C740D4700AD8E79;
					};
				};
			};
			buildConfigurationList = 65CD430F1C740D4700AD8E79 /* Build configuration list for PBXProject "Weather-App" */;
			compatibilityVersion = "Xcode 3.2";
			developmentRegion = English;
			hasScannedForEncodings = 0;
			knownRegions = (
				en,
				Base,
			);
			mainGroup = 65CD430B1C740D4700AD8E79;
			productRefGroup = 65CD43151C740D4700AD8E79 /* Products */;
			projectDirPath = "";
			projectRoot = "";
			targets = (
				65CD43131C740D4700AD8E79 /* Weather-App */,
				65CD432A1C740D4700AD8E79 /* Weather-AppTests */,
				65CD43351C740D4700AD8E79 /* Weather-AppUITests */,
			);
		};
/* End PBXProject section */

/* Begin PBXResourcesBuildPhase section */
		65CD43121C740D4700AD8E79 /* Resources */ = {
			isa = PBXResourcesBuildPhase;
			buildActionMask = 2147483647;
			files = (
				65CD43251C740D4700AD8E79 /* LaunchScreen.storyboard in Resources */,
				65CD43221C740D4700AD8E79 /* Assets.xcassets in Resources */,
				65CD431D1C740D4700AD8E79 /* Main.storyboard in Resources */,
				659551F81C7599350032D4B6 /* launchScreen-Weather.png in Resources */,
			);
			runOnlyForDeploymentPostprocessing = 0;
		};
		65CD43291C740D4700AD8E79 /* Resources */ = {
			isa = PBXResourcesBuildPhase;
			buildActionMask = 2147483647;
			files = (
			);
			runOnlyForDeploymentPostprocessing = 0;
		};
		65CD43341C740D4700AD8E79 /* Resources */ = {
			isa = PBXResourcesBuildPhase;
			buildActionMask = 2147483647;
			files = (
			);
			runOnlyForDeploymentPostprocessing = 0;
		};
/* End PBXResourcesBuildPhase section */

/* Begin PBXSourcesBuildPhase section */
		65CD43101C740D4700AD8E79 /* Sources */ = {
			isa = PBXSourcesBuildPhase;
			buildActionMask = 2147483647;
			files = (
				6586534B1C7439EB009B353D /* WeatherService.swift in Sources */,
				65CD431A1C740D4700AD8E79 /* ViewController.swift in Sources */,
				65CD43201C740D4700AD8E79 /* Weather_App_Example.xcdatamodeld in Sources */,
				65F9C3E11C75604100893F28 /* SwiftyJSON.swift in Sources */,
				65CD43181C740D4700AD8E79 /* AppDelegate.swift in Sources */,
				6586534D1C743E2E009B353D /* Weather.swift in Sources */,
			);
			runOnlyForDeploymentPostprocessing = 0;
		};
		65CD43271C740D4700AD8E79 /* Sources */ = {
			isa = PBXSourcesBuildPhase;
			buildActionMask = 2147483647;
			files = (
				65CD43301C740D4700AD8E79 /* Weather_App_ExampleTests.swift in Sources */,
			);
			runOnlyForDeploymentPostprocessing = 0;
		};
		65CD43321C740D4700AD8E79 /* Sources */ = {
			isa = PBXSourcesBuildPhase;
			buildActionMask = 2147483647;
			files = (
				65CD433B1C740D4700AD8E79 /* Weather_App_ExampleUITests.swift in Sources */,
			);
			runOnlyForDeploymentPostprocessing = 0;
		};
/* End PBXSourcesBuildPhase section */

/* Begin PBXTargetDependency section */
		65CD432D1C740D4700AD8E79 /* PBXTargetDependency */ = {
			isa = PBXTargetDependency;
			target = 65CD43131C740D4700AD8E79 /* Weather-App */;
			targetProxy = 65CD432C1C740D4700AD8E79 /* PBXContainerItemProxy */;
		};
		65CD43381C740D4700AD8E79 /* PBXTargetDependency */ = {
			isa = PBXTargetDependency;
			target = 65CD43131C740D4700AD8E79 /* Weather-App */;
			targetProxy = 65CD43371C740D4700AD8E79 /* PBXContainerItemProxy */;
		};
/* End PBXTargetDependency section */

/* Begin PBXVariantGroup section */
		65CD431B1C740D4700AD8E79 /* Main.storyboard */ = {
			isa = PBXVariantGroup;
			children = (
				65CD431C1C740D4700AD8E79 /* Base */,
			);
			name = Main.storyboard;
			sourceTree = "<group>";
		};
		65CD43231C740D4700AD8E79 /* LaunchScreen.storyboard */ = {
			isa = PBXVariantGroup;
			children = (
				65CD43241C740D4700AD8E79 /* Base */,
			);
			name = LaunchScreen.storyboard;
			sourceTree = "<group>";
		};
/* End PBXVariantGroup section */

/* Begin XCBuildConfiguration section */
		65CD433D1C740D4700AD8E79 /* Debug */ = {
			isa = XCBuildConfiguration;
			buildSettings = {
				ALWAYS_SEARCH_USER_PATHS = NO;
				CLANG_CXX_LANGUAGE_STANDARD = "gnu++0x";
				CLANG_CXX_LIBRARY = "libc++";
				CLANG_ENABLE_MODULES = YES;
				CLANG_ENABLE_OBJC_ARC = YES;
				CLANG_WARN_BOOL_CONVERSION = YES;
				CLANG_WARN_CONSTANT_CONVERSION = YES;
				CLANG_WARN_DIRECT_OBJC_ISA_USAGE = YES_ERROR;
				CLANG_WARN_EMPTY_BODY = YES;
				CLANG_WARN_ENUM_CONVERSION = YES;
				CLANG_WARN_INT_CONVERSION = YES;
				CLANG_WARN_OBJC_ROOT_CLASS = YES_ERROR;
				CLANG_WARN_UNREACHABLE_CODE = YES;
				CLANG_WARN__DUPLICATE_METHOD_MATCH = YES;
				"CODE_SIGN_IDENTITY[sdk=iphoneos*]" = "iPhone Developer";
				COPY_PHASE_STRIP = NO;
				DEBUG_INFORMATION_FORMAT = dwarf;
				ENABLE_STRICT_OBJC_MSGSEND = YES;
				ENABLE_TESTABILITY = YES;
				GCC_C_LANGUAGE_STANDARD = gnu99;
				GCC_DYNAMIC_NO_PIC = NO;
				GCC_NO_COMMON_BLOCKS = YES;
				GCC_OPTIMIZATION_LEVEL = 0;
				GCC_PREPROCESSOR_DEFINITIONS = (
					"DEBUG=1",
					"$(inherited)",
				);
				GCC_WARN_64_TO_32_BIT_CONVERSION = YES;
				GCC_WARN_ABOUT_RETURN_TYPE = YES_ERROR;
				GCC_WARN_UNDECLARED_SELECTOR = YES;
				GCC_WARN_UNINITIALIZED_AUTOS = YES_AGGRESSIVE;
				GCC_WARN_UNUSED_FUNCTION = YES;
				GCC_WARN_UNUSED_VARIABLE = YES;
				IPHONEOS_DEPLOYMENT_TARGET = 9.0;
				MTL_ENABLE_DEBUG_INFO = YES;
				ONLY_ACTIVE_ARCH = YES;
				SDKROOT = iphoneos;
				SWIFT_OPTIMIZATION_LEVEL = "-Onone";
			};
			name = Debug;
		};
		65CD433E1C740D4700AD8E79 /* Release */ = {
			isa = XCBuildConfiguration;
			buildSettings = {
				ALWAYS_SEARCH_USER_PATHS = NO;
				CLANG_CXX_LANGUAGE_STANDARD = "gnu++0x";
				CLANG_CXX_LIBRARY = "libc++";
				CLANG_ENABLE_MODULES = YES;
				CLANG_ENABLE_OBJC_ARC = YES;
				CLANG_WARN_BOOL_CONVERSION = YES;
				CLANG_WARN_CONSTANT_CONVERSION = YES;
				CLANG_WARN_DIRECT_OBJC_ISA_USAGE = YES_ERROR;
				CLANG_WARN_EMPTY_BODY = YES;
				CLANG_WARN_ENUM_CONVERSION = YES;
				CLANG_WARN_INT_CONVERSION = YES;
				CLANG_WARN_OBJC_ROOT_CLASS = YES_ERROR;
				CLANG_WARN_UNREACHABLE_CODE = YES;
				CLANG_WARN__DUPLICATE_METHOD_MATCH = YES;
				"CODE_SIGN_IDENTITY[sdk=iphoneos*]" = "iPhone Developer";
				COPY_PHASE_STRIP = NO;
				DEBUG_INFORMATION_FORMAT = "dwarf-with-dsym";
				ENABLE_NS_ASSERTIONS = NO;
				ENABLE_STRICT_OBJC_MSGSEND = YES;
				GCC_C_LANGUAGE_STANDARD = gnu99;
				GCC_NO_COMMON_BLOCKS = YES;
				GCC_WARN_64_TO_32_BIT_CONVERSION = YES;
				GCC_WARN_ABOUT_RETURN_TYPE = YES_ERROR;
				GCC_WARN_UNDECLARED_SELECTOR = YES;
				GCC_WARN_UNINITIALIZED_AUTOS = YES_AGGRESSIVE;
				GCC_WARN_UNUSED_FUNCTION = YES;
				GCC_WARN_UNUSED_VARIABLE = YES;
				IPHONEOS_DEPLOYMENT_TARGET = 9.0;
				MTL_ENABLE_DEBUG_INFO = NO;
				SDKROOT = iphoneos;
				VALIDATE_PRODUCT = YES;
			};
			name = Release;
		};
		65CD43401C740D4700AD8E79 /* Debug */ = {
			isa = XCBuildConfiguration;
			buildSettings = {
				ASSETCATALOG_COMPILER_APPICON_NAME = AppIcon;
				INFOPLIST_FILE = "Weather-App-Example/Info.plist";
				LD_RUNPATH_SEARCH_PATHS = "$(inherited) @executable_path/Frameworks";
				PRODUCT_BUNDLE_IDENTIFIER = "com.Toome.Weather-App";
				PRODUCT_NAME = "Weather-App";
			};
			name = Debug;
		};
		65CD43411C740D4700AD8E79 /* Release */ = {
			isa = XCBuildConfiguration;
			buildSettings = {
				ASSETCATALOG_COMPILER_APPICON_NAME = AppIcon;
				INFOPLIST_FILE = "Weather-App-Example/Info.plist";
				LD_RUNPATH_SEARCH_PATHS = "$(inherited) @executable_path/Frameworks";
				PRODUCT_BUNDLE_IDENTIFIER = "com.Toome.Weather-App";
				PRODUCT_NAME = "Weather-App";
			};
			name = Release;
		};
		65CD43431C740D4700AD8E79 /* Debug */ = {
			isa = XCBuildConfiguration;
			buildSettings = {
				BUNDLE_LOADER = "$(TEST_HOST)";
				INFOPLIST_FILE = "Weather-App-ExampleTests/Info.plist";
				LD_RUNPATH_SEARCH_PATHS = "$(inherited) @executable_path/Frameworks @loader_path/Frameworks";
				PRODUCT_BUNDLE_IDENTIFIER = "com.Toome.Weather-App-ExampleTests";
				PRODUCT_NAME = "Weather-App";
				TEST_HOST = "$(BUILT_PRODUCTS_DIR)/Weather-App.app/Weather-App";
			};
			name = Debug;
		};
		65CD43441C740D4700AD8E79 /* Release */ = {
			isa = XCBuildConfiguration;
			buildSettings = {
				BUNDLE_LOADER = "$(TEST_HOST)";
				INFOPLIST_FILE = "Weather-App-ExampleTests/Info.plist";
				LD_RUNPATH_SEARCH_PATHS = "$(inherited) @executable_path/Frameworks @loader_path/Frameworks";
				PRODUCT_BUNDLE_IDENTIFIER = "com.Toome.Weather-App-ExampleTests";
				PRODUCT_NAME = "Weather-App";
				TEST_HOST = "$(BUILT_PRODUCTS_DIR)/Weather-App.app/Weather-App";
			};
			name = Release;
		};
		65CD43461C740D4700AD8E79 /* Debug */ = {
			isa = XCBuildConfiguration;
			buildSettings = {
				INFOPLIST_FILE = "Weather-App-ExampleUITests/Info.plist";
				LD_RUNPATH_SEARCH_PATHS = "$(inherited) @executable_path/Frameworks @loader_path/Frameworks";
				PRODUCT_BUNDLE_IDENTIFIER = "com.Toome.Weather-App-ExampleUITests";
				PRODUCT_NAME = "Weather-App";
				TEST_TARGET_NAME = "Weather-App-Example";
				USES_XCTRUNNER = YES;
			};
			name = Debug;
		};
		65CD43471C740D4700AD8E79 /* Release */ = {
			isa = XCBuildConfiguration;
			buildSettings = {
				INFOPLIST_FILE = "Weather-App-ExampleUITests/Info.plist";
				LD_RUNPATH_SEARCH_PATHS = "$(inherited) @executable_path/Frameworks @loader_path/Frameworks";
				PRODUCT_BUNDLE_IDENTIFIER = "com.Toome.Weather-App-ExampleUITests";
				PRODUCT_NAME = "Weather-App";
				TEST_TARGET_NAME = "Weather-App-Example";
				USES_XCTRUNNER = YES;
			};
			name = Release;
		};
/* End XCBuildConfiguration section */

/* Begin XCConfigurationList section */
		65CD430F1C740D4700AD8E79 /* Build configuration list for PBXProject "Weather-App" */ = {
			isa = XCConfigurationList;
			buildConfigurations = (
				65CD433D1C740D4700AD8E79 /* Debug */,
				65CD433E1C740D4700AD8E79 /* Release */,
			);
			defaultConfigurationIsVisible = 0;
			defaultConfigurationName = Release;
		};
		65CD433F1C740D4700AD8E79 /* Build configuration list for PBXNativeTarget "Weather-App" */ = {
			isa = XCConfigurationList;
			buildConfigurations = (
				65CD43401C740D4700AD8E79 /* Debug */,
				65CD43411C740D4700AD8E79 /* Release */,
			);
			defaultConfigurationIsVisible = 0;
			defaultConfigurationName = Release;
		};
		65CD43421C740D4700AD8E79 /* Build configuration list for PBXNativeTarget "Weather-AppTests" */ = {
			isa = XCConfigurationList;
			buildConfigurations = (
				65CD43431C740D4700AD8E79 /* Debug */,
				65CD43441C740D4700AD8E79 /* Release */,
			);
			defaultConfigurationIsVisible = 0;
			defaultConfigurationName = Release;
		};
		65CD43451C740D4700AD8E79 /* Build configuration list for PBXNativeTarget "Weather-AppUITests" */ = {
			isa = XCConfigurationList;
			buildConfigurations = (
				65CD43461C740D4700AD8E79 /* Debug */,
				65CD43471C740D4700AD8E79 /* Release */,
			);
			defaultConfigurationIsVisible = 0;
			defaultConfigurationName = Release;
		};
/* End XCConfigurationList section */

/* Begin XCVersionGroup section */
		65CD431E1C740D4700AD8E79 /* Weather_App_Example.xcdatamodeld */ = {
			isa = XCVersionGroup;
			children = (
				65CD431F1C740D4700AD8E79 /* Weather_App_Example.xcdatamodel */,
			);
			currentVersion = 65CD431F1C740D4700AD8E79 /* Weather_App_Example.xcdatamodel */;
			path = Weather_App_Example.xcdatamodeld;
			sourceTree = "<group>";
			versionGroupType = wrapper.xcdatamodel;
		};
/* End XCVersionGroup section */
	};
	rootObject = 65CD430C1C740D4700AD8E79 /* Project object */;
}
